
Microsoft Visual Studio Solution File, Format Version 12.00
# Visual Studio 15
VisualStudioVersion = 15.0.28010.2016
MinimumVisualStudioVersion = 10.0.40219.1
Project("{9A19103F-16F7-4668-BE54-9A1E7A4F7556}") = "DemensDel2", "DemensDel2\DemensDel2.csproj", "{AAB167B3-639C-47A9-9923-42790B83711B}"
EndProject
Project("{9A19103F-16F7-4668-BE54-9A1E7A4F7556}") = "DemensDel2API", "DemensDel2API\DemensDel2API.csproj", "{6BD6EFBA-04C3-4AEB-A77A-313502A5CEB9}"
EndProject
Global
	GlobalSection(SolutionConfigurationPlatforms) = preSolution
		Debug|Any CPU = Debug|Any CPU
		Release|Any CPU = Release|Any CPU
	EndGlobalSection
	GlobalSection(ProjectConfigurationPlatforms) = postSolution
		{AAB167B3-639C-47A9-9923-42790B83711B}.Debug|Any CPU.ActiveCfg = Debug|Any CPU
		{AAB167B3-639C-47A9-9923-42790B83711B}.Debug|Any CPU.Build.0 = Debug|Any CPU
		{AAB167B3-639C-47A9-9923-42790B83711B}.Release|Any CPU.ActiveCfg = Release|Any CPU
		{AAB167B3-639C-47A9-9923-42790B83711B}.Release|Any CPU.Build.0 = Release|Any CPU
		{6BD6EFBA-04C3-4AEB-A77A-313502A5CEB9}.Debug|Any CPU.ActiveCfg = Debug|Any CPU
		{6BD6EFBA-04C3-4AEB-A77A-313502A5CEB9}.Debug|Any CPU.Build.0 = Debug|Any CPU
		{6BD6EFBA-04C3-4AEB-A77A-313502A5CEB9}.Release|Any CPU.ActiveCfg = Release|Any CPU
		{6BD6EFBA-04C3-4AEB-A77A-313502A5CEB9}.Release|Any CPU.Build.0 = Release|Any CPU
	EndGlobalSection
	GlobalSection(SolutionProperties) = preSolution
		HideSolutionNode = FALSE
	EndGlobalSection
	GlobalSection(ExtensibilityGlobals) = postSolution
		SolutionGuid = {91641A5B-CD17-45D2-B7DA-7BDDF6B7230B}
	EndGlobalSection
EndGlobal
